
Microsoft Visual Studio Solution File, Format Version 12.00
# Visual Studio Version 17
VisualStudioVersion = 17.7.34221.43
MinimumVisualStudioVersion = 10.0.40219.1
Project("{FAE04EC0-301F-11D3-BF4B-00C04F79EFBC}") = "WebApplicationAssignmentDay14", "WebApplicationAssignmentDay14\WebApplicationAssignmentDay14.csproj", "{A2A18CEE-DA85-4FC2-9D0A-0BE312E659BC}"
EndProject
Global
	GlobalSection(SolutionConfigurationPlatforms) = preSolution
		Debug|Any CPU = Debug|Any CPU
		Release|Any CPU = Release|Any CPU
	EndGlobalSection
	GlobalSection(ProjectConfigurationPlatforms) = postSolution
		{A2A18CEE-DA85-4FC2-9D0A-0BE312E659BC}.Debug|Any CPU.ActiveCfg = Debug|Any CPU
		{A2A18CEE-DA85-4FC2-9D0A-0BE312E659BC}.Debug|Any CPU.Build.0 = Debug|Any CPU
		{A2A18CEE-DA85-4FC2-9D0A-0BE312E659BC}.Release|Any CPU.ActiveCfg = Release|Any CPU
		{A2A18CEE-DA85-4FC2-9D0A-0BE312E659BC}.Release|Any CPU.Build.0 = Release|Any CPU
	EndGlobalSection
	GlobalSection(SolutionProperties) = preSolution
		HideSolutionNode = FALSE
	EndGlobalSection
	GlobalSection(ExtensibilityGlobals) = postSolution
		SolutionGuid = {271A38A8-BE15-4969-B48E-897BF90F1197}
	EndGlobalSection
EndGlobal
